
Microsoft Visual Studio Solution File, Format Version 12.00
# Visual Studio 15
VisualStudioVersion = 15.0.26430.15
MinimumVisualStudioVersion = 10.0.40219.1
Project("{FAE04EC0-301F-11D3-BF4B-00C04F79EFBC}") = "Kevin-Ma_Lab04_Ex1", "Kevin-Ma_Lab04_Ex1\Kevin-Ma_Lab04_Ex1.csproj", "{7B3434BB-87F8-4F1A-803E-1C048A5ECC66}"
EndProject
Project("{FAE04EC0-301F-11D3-BF4B-00C04F79EFBC}") = "Kevin-Ma_Lab04_Ex1_Test", "Kevin-Ma_Lab04_Ex1_Test\Kevin-Ma_Lab04_Ex1_Test.csproj", "{9522EE2D-4CB0-431E-BB80-1BB19E8A3726}"
EndProject
Project("{FAE04EC0-301F-11D3-BF4B-00C04F79EFBC}") = "Kevin-Ma_Lab04_Ex2", "Kevin-Ma_Lab04_Ex2\Kevin-Ma_Lab04_Ex2.csproj", "{6FF79FB4-C2DE-458E-B683-3DB7075959CC}"
EndProject
Project("{FAE04EC0-301F-11D3-BF4B-00C04F79EFBC}") = "Kevin-Ma_Lab04_Ex2_Test", "Kevin-Ma_Lab04_Ex2_Test\Kevin-Ma_Lab04_Ex2_Test.csproj", "{F17CAC45-E1CE-4C34-9907-AB7FE5507D38}"
EndProject
Project("{FAE04EC0-301F-11D3-BF4B-00C04F79EFBC}") = "Kevin-Ma_Lab04_Ex3", "Kevin-Ma_Lab04_Ex3\Kevin-Ma_Lab04_Ex3.csproj", "{02AA0FFD-4B99-4C5F-A355-8441B04DC74E}"
EndProject
Project("{FAE04EC0-301F-11D3-BF4B-00C04F79EFBC}") = "Kevin-Ma_Lab04_Ex3_Test", "Kevin-Ma_Lab04_Ex3_Test\Kevin-Ma_Lab04_Ex3_Test.csproj", "{79242AAF-944E-4748-9422-88AF72502173}"
EndProject
Global
	GlobalSection(SolutionConfigurationPlatforms) = preSolution
		Debug|Any CPU = Debug|Any CPU
		Release|Any CPU = Release|Any CPU
	EndGlobalSection
	GlobalSection(ProjectConfigurationPlatforms) = postSolution
		{7B3434BB-87F8-4F1A-803E-1C048A5ECC66}.Debug|Any CPU.ActiveCfg = Debug|Any CPU
		{7B3434BB-87F8-4F1A-803E-1C048A5ECC66}.Debug|Any CPU.Build.0 = Debug|Any CPU
		{7B3434BB-87F8-4F1A-803E-1C048A5ECC66}.Release|Any CPU.ActiveCfg = Release|Any CPU
		{7B3434BB-87F8-4F1A-803E-1C048A5ECC66}.Release|Any CPU.Build.0 = Release|Any CPU
		{9522EE2D-4CB0-431E-BB80-1BB19E8A3726}.Debug|Any CPU.ActiveCfg = Debug|Any CPU
		{9522EE2D-4CB0-431E-BB80-1BB19E8A3726}.Debug|Any CPU.Build.0 = Debug|Any CPU
		{9522EE2D-4CB0-431E-BB80-1BB19E8A3726}.Release|Any CPU.ActiveCfg = Release|Any CPU
		{9522EE2D-4CB0-431E-BB80-1BB19E8A3726}.Release|Any CPU.Build.0 = Release|Any CPU
		{6FF79FB4-C2DE-458E-B683-3DB7075959CC}.Debug|Any CPU.ActiveCfg = Debug|Any CPU
		{6FF79FB4-C2DE-458E-B683-3DB7075959CC}.Debug|Any CPU.Build.0 = Debug|Any CPU
		{6FF79FB4-C2DE-458E-B683-3DB7075959CC}.Release|Any CPU.ActiveCfg = Release|Any CPU
		{6FF79FB4-C2DE-458E-B683-3DB7075959CC}.Release|Any CPU.Build.0 = Release|Any CPU
		{F17CAC45-E1CE-4C34-9907-AB7FE5507D38}.Debug|Any CPU.ActiveCfg = Debug|Any CPU
		{F17CAC45-E1CE-4C34-9907-AB7FE5507D38}.Debug|Any CPU.Build.0 = Debug|Any CPU
		{F17CAC45-E1CE-4C34-9907-AB7FE5507D38}.Release|Any CPU.ActiveCfg = Release|Any CPU
		{F17CAC45-E1CE-4C34-9907-AB7FE5507D38}.Release|Any CPU.Build.0 = Release|Any CPU
		{02AA0FFD-4B99-4C5F-A355-8441B04DC74E}.Debug|Any CPU.ActiveCfg = Debug|Any CPU
		{02AA0FFD-4B99-4C5F-A355-8441B04DC74E}.Debug|Any CPU.Build.0 = Debug|Any CPU
		{02AA0FFD-4B99-4C5F-A355-8441B04DC74E}.Release|Any CPU.ActiveCfg = Release|Any CPU
		{02AA0FFD-4B99-4C5F-A355-8441B04DC74E}.Release|Any CPU.Build.0 = Release|Any CPU
		{79242AAF-944E-4748-9422-88AF72502173}.Debug|Any CPU.ActiveCfg = Debug|Any CPU
		{79242AAF-944E-4748-9422-88AF72502173}.Debug|Any CPU.Build.0 = Debug|Any CPU
		{79242AAF-944E-4748-9422-88AF72502173}.Release|Any CPU.ActiveCfg = Release|Any CPU
		{79242AAF-944E-4748-9422-88AF72502173}.Release|Any CPU.Build.0 = Release|Any CPU
	EndGlobalSection
	GlobalSection(SolutionProperties) = preSolution
		HideSolutionNode = FALSE
	EndGlobalSection
EndGlobal
